
Microsoft Visual Studio Solution File, Format Version 12.00
# Visual Studio Version 17
VisualStudioVersion = 17.14.37614.0
MinimumVisualStudioVersion = 10.0.40219.1
Project("{FAE04EC0-301F-11D3-BF4B-00C04F79EFBC}") = "domain", "domain\domain.csproj", "{CE33CF8F-ACC2-4BD9-8512-A5B0FA704178}"
EndProject
Project("{2150E333-8FDC-42A3-9474-1A3956D46DE8}") = "Itens de Solução", "Itens de Solução", "{380A7511-A354-6D7A-0CC0-8FA1F1BA7B6C}"
	ProjectSection(SolutionItems) = preProject
		.gitignore = .gitignore
	EndProjectSection
EndProject
Project("{FAE04EC0-301F-11D3-BF4B-00C04F79EFBC}") = "tests", "tests\tests.csproj", "{891AB88E-6B83-4A47-913A-41828AA776EE}"
EndProject
Global
	GlobalSection(SolutionConfigurationPlatforms) = preSolution
		Debug|Any CPU = Debug|Any CPU
		Release|Any CPU = Release|Any CPU
	EndGlobalSection
	GlobalSection(ProjectConfigurationPlatforms) = postSolution
		{CE33CF8F-ACC2-4BD9-8512-A5B0FA704178}.Debug|Any CPU.ActiveCfg = Debug|Any CPU
		{CE33CF8F-ACC2-4BD9-8512-A5B0FA704178}.Debug|Any CPU.Build.0 = Debug|Any CPU
		{CE33CF8F-ACC2-4BD9-8512-A5B0FA704178}.Release|Any CPU.ActiveCfg = Release|Any CPU
		{CE33CF8F-ACC2-4BD9-8512-A5B0FA704178}.Release|Any CPU.Build.0 = Release|Any CPU
		{891AB88E-6B83-4A47-913A-41828AA776EE}.Debug|Any CPU.ActiveCfg = Debug|Any CPU
		{891AB88E-6B83-4A47-913A-41828AA776EE}.Debug|Any CPU.Build.0 = Debug|Any CPU
		{891AB88E-6B83-4A47-913A-41828AA776EE}.Release|Any CPU.ActiveCfg = Release|Any CPU
		{891AB88E-6B83-4A47-913A-41828AA776EE}.Release|Any CPU.Build.0 = Release|Any CPU
	EndGlobalSection
	GlobalSection(SolutionProperties) = preSolution
		HideSolutionNode = FALSE
	EndGlobalSection
	GlobalSection(ExtensibilityGlobals) = postSolution
		SolutionGuid = {BC505A0F-C9C1-4FAB-8E67-92FE96DDD748}
	EndGlobalSection
EndGlobal
